
Microsoft Visual Studio Solution File, Format Version 12.00
# Visual Studio Version 16
VisualStudioVersion = 16.0.30711.63
MinimumVisualStudioVersion = 10.0.40219.1
Project("{8BC9CEB8-8B4A-11D0-8D11-00A0C91BC942}") = "Bibliotheques", "Bibliotheques\Bibliotheques.vcxproj", "{06C13E08-BC9B-4B4C-9075-DE16F1434EA4}"
EndProject
Project("{8BC9CEB8-8B4A-11D0-8D11-00A0C91BC942}") = "Exe_DynLink", "Exe_DynLink\Exe_DynLink.vcxproj", "{20A4DD99-26A5-42D6-9AC5-DC131BB1618F}"
EndProject
Project("{8BC9CEB8-8B4A-11D0-8D11-00A0C91BC942}") = "Exe_DynLoad", "Exe_DynLoad\Exe_DynLoad.vcxproj", "{3CBB27FF-37E5-4738-87D2-776F669A4C03}"
EndProject
Project("{2150E333-8FDC-42A3-9474-1A3956D46DE8}") = "PartieBibliotheques", "PartieBibliotheques", "{D66709D6-3A14-4044-A3BE-F105CF7CDD35}"
EndProject
Project("{2150E333-8FDC-42A3-9474-1A3956D46DE8}") = "PartieTri", "PartieTri", "{CAD362B3-BB77-4A5B-BD84-9248F9483053}"
EndProject
Project("{8BC9CEB8-8B4A-11D0-8D11-00A0C91BC942}") = "Bubble", "Bubble\Bubble.vcxproj", "{B6B0ED0E-C193-4C10-A2A9-B48F6727091E}"
EndProject
Project("{8BC9CEB8-8B4A-11D0-8D11-00A0C91BC942}") = "Insertion", "Insertion\Insertion.vcxproj", "{8541DA32-3AAD-484B-86F4-4ED39E6D3A0D}"
EndProject
Project("{8BC9CEB8-8B4A-11D0-8D11-00A0C91BC942}") = "Merge", "Merge\Merge.vcxproj", "{49AC70D9-6428-4C72-B755-783411E7911E}"
EndProject
Project("{8BC9CEB8-8B4A-11D0-8D11-00A0C91BC942}") = "Quick", "Quick\Quick.vcxproj", "{56F37BDB-9499-4068-A8B1-2DBA4AD48925}"
EndProject
Project("{8BC9CEB8-8B4A-11D0-8D11-00A0C91BC942}") = "Tri", "Tri\Tri.vcxproj", "{68B65D09-7984-45A8-8555-E63B8F49BB49}"
EndProject
Global
	GlobalSection(SolutionConfigurationPlatforms) = preSolution
		Debug|x64 = Debug|x64
		Debug|x86 = Debug|x86
		Release|x64 = Release|x64
		Release|x86 = Release|x86
	EndGlobalSection
	GlobalSection(ProjectConfigurationPlatforms) = postSolution
		{06C13E08-BC9B-4B4C-9075-DE16F1434EA4}.Debug|x64.ActiveCfg = Debug|x64
		{06C13E08-BC9B-4B4C-9075-DE16F1434EA4}.Debug|x64.Build.0 = Debug|x64
		{06C13E08-BC9B-4B4C-9075-DE16F1434EA4}.Debug|x86.ActiveCfg = Debug|Win32
		{06C13E08-BC9B-4B4C-9075-DE16F1434EA4}.Debug|x86.Build.0 = Debug|Win32
		{06C13E08-BC9B-4B4C-9075-DE16F1434EA4}.Release|x64.ActiveCfg = Release|x64
		{06C13E08-BC9B-4B4C-9075-DE16F1434EA4}.Release|x64.Build.0 = Release|x64
		{06C13E08-BC9B-4B4C-9075-DE16F1434EA4}.Release|x86.ActiveCfg = Release|Win32
		{06C13E08-BC9B-4B4C-9075-DE16F1434EA4}.Release|x86.Build.0 = Release|Win32
		{20A4DD99-26A5-42D6-9AC5-DC131BB1618F}.Debug|x64.ActiveCfg = Debug|x64
		{20A4DD99-26A5-42D6-9AC5-DC131BB1618F}.Debug|x64.Build.0 = Debug|x64
		{20A4DD99-26A5-42D6-9AC5-DC131BB1618F}.Debug|x86.ActiveCfg = Debug|Win32
		{20A4DD99-26A5-42D6-9AC5-DC131BB1618F}.Debug|x86.Build.0 = Debug|Win32
		{20A4DD99-26A5-42D6-9AC5-DC131BB1618F}.Release|x64.ActiveCfg = Release|x64
		{20A4DD99-26A5-42D6-9AC5-DC131BB1618F}.Release|x64.Build.0 = Release|x64
		{20A4DD99-26A5-42D6-9AC5-DC131BB1618F}.Release|x86.ActiveCfg = Release|Win32
		{20A4DD99-26A5-42D6-9AC5-DC131BB1618F}.Release|x86.Build.0 = Release|Win32
		{3CBB27FF-37E5-4738-87D2-776F669A4C03}.Debug|x64.ActiveCfg = Debug|x64
		{3CBB27FF-37E5-4738-87D2-776F669A4C03}.Debug|x64.Build.0 = Debug|x64
		{3CBB27FF-37E5-4738-87D2-776F669A4C03}.Debug|x86.ActiveCfg = Debug|Win32
		{3CBB27FF-37E5-4738-87D2-776F669A4C03}.Debug|x86.Build.0 = Debug|Win32
		{3CBB27FF-37E5-4738-87D2-776F669A4C03}.Release|x64.ActiveCfg = Release|x64
		{3CBB27FF-37E5-4738-87D2-776F669A4C03}.Release|x64.Build.0 = Release|x64
		{3CBB27FF-37E5-4738-87D2-776F669A4C03}.Release|x86.ActiveCfg = Release|Win32
		{3CBB27FF-37E5-4738-87D2-776F669A4C03}.Release|x86.Build.0 = Release|Win32
		{B6B0ED0E-C193-4C10-A2A9-B48F6727091E}.Debug|x64.ActiveCfg = Debug|x64
		{B6B0ED0E-C193-4C10-A2A9-B48F6727091E}.Debug|x64.Build.0 = Debug|x64
		{B6B0ED0E-C193-4C10-A2A9-B48F6727091E}.Debug|x86.ActiveCfg = Debug|Win32
		{B6B0ED0E-C193-4C10-A2A9-B48F6727091E}.Debug|x86.Build.0 = Debug|Win32
		{B6B0ED0E-C193-4C10-A2A9-B48F6727091E}.Release|x64.ActiveCfg = Release|x64
		{B6B0ED0E-C193-4C10-A2A9-B48F6727091E}.Release|x64.Build.0 = Release|x64
		{B6B0ED0E-C193-4C10-A2A9-B48F6727091E}.Release|x86.ActiveCfg = Release|Win32
		{B6B0ED0E-C193-4C10-A2A9-B48F6727091E}.Release|x86.Build.0 = Release|Win32
		{8541DA32-3AAD-484B-86F4-4ED39E6D3A0D}.Debug|x64.ActiveCfg = Debug|x64
		{8541DA32-3AAD-484B-86F4-4ED39E6D3A0D}.Debug|x64.Build.0 = Debug|x64
		{8541DA32-3AAD-484B-86F4-4ED39E6D3A0D}.Debug|x86.ActiveCfg = Debug|Win32
		{8541DA32-3AAD-484B-86F4-4ED39E6D3A0D}.Debug|x86.Build.0 = Debug|Win32
		{8541DA32-3AAD-484B-86F4-4ED39E6D3A0D}.Release|x64.ActiveCfg = Release|x64
		{8541DA32-3AAD-484B-86F4-4ED39E6D3A0D}.Release|x64.Build.0 = Release|x64
		{8541DA32-3AAD-484B-86F4-4ED39E6D3A0D}.Release|x86.ActiveCfg = Release|Win32
		{8541DA32-3AAD-484B-86F4-4ED39E6D3A0D}.Release|x86.Build.0 = Release|Win32
		{49AC70D9-6428-4C72-B755-783411E7911E}.Debug|x64.ActiveCfg = Debug|x64
		{49AC70D9-6428-4C72-B755-783411E7911E}.Debug|x64.Build.0 = Debug|x64
		{49AC70D9-6428-4C72-B755-783411E7911E}.Debug|x86.ActiveCfg = Debug|Win32
		{49AC70D9-6428-4C72-B755-783411E7911E}.Debug|x86.Build.0 = Debug|Win32
		{49AC70D9-6428-4C72-B755-783411E7911E}.Release|x64.ActiveCfg = Release|x64
		{49AC70D9-6428-4C72-B755-783411E7911E}.Release|x64.Build.0 = Release|x64
		{49AC70D9-6428-4C72-B755-783411E7911E}.Release|x86.ActiveCfg = Release|Win32
		{49AC70D9-6428-4C72-B755-783411E7911E}.Release|x86.Build.0 = Release|Win32
		{56F37BDB-9499-4068-A8B1-2DBA4AD48925}.Debug|x64.ActiveCfg = Debug|x64
		{56F37BDB-9499-4068-A8B1-2DBA4AD48925}.Debug|x64.Build.0 = Debug|x64
		{56F37BDB-9499-4068-A8B1-2DBA4AD48925}.Debug|x86.ActiveCfg = Debug|Win32
		{56F37BDB-9499-4068-A8B1-2DBA4AD48925}.Debug|x86.Build.0 = Debug|Win32
		{56F37BDB-9499-4068-A8B1-2DBA4AD48925}.Release|x64.ActiveCfg = Release|x64
		{56F37BDB-9499-4068-A8B1-2DBA4AD48925}.Release|x64.Build.0 = Release|x64
		{56F37BDB-9499-4068-A8B1-2DBA4AD48925}.Release|x86.ActiveCfg = Release|Win32
		{56F37BDB-9499-4068-A8B1-2DBA4AD48925}.Release|x86.Build.0 = Release|Win32
		{68B65D09-7984-45A8-8555-E63B8F49BB49}.Debug|x64.ActiveCfg = Debug|x64
		{68B65D09-7984-45A8-8555-E63B8F49BB49}.Debug|x64.Build.0 = Debug|x64
		{68B65D09-7984-45A8-8555-E63B8F49BB49}.Debug|x86.ActiveCfg = Debug|Win32
		{68B65D09-7984-45A8-8555-E63B8F49BB49}.Debug|x86.Build.0 = Debug|Win32
		{68B65D09-7984-45A8-8555-E63B8F49BB49}.Release|x64.ActiveCfg = Release|x64
		{68B65D09-7984-45A8-8555-E63B8F49BB49}.Release|x64.Build.0 = Release|x64
		{68B65D09-7984-45A8-8555-E63B8F49BB49}.Release|x86.ActiveCfg = Release|Win32
		{68B65D09-7984-45A8-8555-E63B8F49BB49}.Release|x86.Build.0 = Release|Win32
	EndGlobalSection
	GlobalSection(SolutionProperties) = preSolution
		HideSolutionNode = FALSE
	EndGlobalSection
	GlobalSection(NestedProjects) = preSolution
		{06C13E08-BC9B-4B4C-9075-DE16F1434EA4} = {D66709D6-3A14-4044-A3BE-F105CF7CDD35}
		{20A4DD99-26A5-42D6-9AC5-DC131BB1618F} = {D66709D6-3A14-4044-A3BE-F105CF7CDD35}
		{3CBB27FF-37E5-4738-87D2-776F669A4C03} = {D66709D6-3A14-4044-A3BE-F105CF7CDD35}
		{B6B0ED0E-C193-4C10-A2A9-B48F6727091E} = {CAD362B3-BB77-4A5B-BD84-9248F9483053}
		{8541DA32-3AAD-484B-86F4-4ED39E6D3A0D} = {CAD362B3-BB77-4A5B-BD84-9248F9483053}
		{49AC70D9-6428-4C72-B755-783411E7911E} = {CAD362B3-BB77-4A5B-BD84-9248F9483053}
		{56F37BDB-9499-4068-A8B1-2DBA4AD48925} = {CAD362B3-BB77-4A5B-BD84-9248F9483053}
		{68B65D09-7984-45A8-8555-E63B8F49BB49} = {CAD362B3-BB77-4A5B-BD84-9248F9483053}
	EndGlobalSection
	GlobalSection(ExtensibilityGlobals) = postSolution
		SolutionGuid = {EE27ACCF-7474-4367-B928-1B89F4D9207F}
	EndGlobalSection
EndGlobal
